
Microsoft Visual Studio Solution File, Format Version 12.00
# Visual Studio 2013
VisualStudioVersion = 12.0.31101.0
MinimumVisualStudioVersion = 10.0.40219.1
Project("{FAE04EC0-301F-11D3-BF4B-00C04F79EFBC}") = "Bricks.Core", "Bricks.Core\Bricks.Core.csproj", "{1919938A-32A3-47D6-A8BA-DFE576BD38C1}"
EndProject
Project("{FAE04EC0-301F-11D3-BF4B-00C04F79EFBC}") = "Bricks.Sync", "Bricks.Sync\Bricks.Sync.csproj", "{9E8E9905-1BEA-41DB-939F-BD70CF23E332}"
EndProject
Project("{FAE04EC0-301F-11D3-BF4B-00C04F79EFBC}") = "Bricks.Sync.UnitTests", "Bricks.Sync.UnitTests\Bricks.Sync.UnitTests.csproj", "{65D416F2-8F60-44FD-8E7D-F72FCD02AF01}"
EndProject
Project("{2150E333-8FDC-42A3-9474-1A3956D46DE8}") = "Tests", "Tests", "{27BE237D-7E9B-43F3-BBB6-E6EE8C134CE5}"
EndProject
Project("{FAE04EC0-301F-11D3-BF4B-00C04F79EFBC}") = "Bricks.Sync.Tests", "Bricks.Sync.Tests\Bricks.Sync.Tests.csproj", "{BC883378-2A76-48A2-B8A3-EFF6F2773C58}"
EndProject
Project("{FAE04EC0-301F-11D3-BF4B-00C04F79EFBC}") = "Bricks.Sync.IntegrationTests", "Bricks.Sync.IntegrationTests\Bricks.Sync.IntegrationTests.csproj", "{1C660445-4422-4411-8A3B-FD5FAF377801}"
EndProject
Project("{2150E333-8FDC-42A3-9474-1A3956D46DE8}") = ".nuget", ".nuget", "{F04266F5-94CA-407D-A134-C185426D4DE2}"
	ProjectSection(SolutionItems) = preProject
		.nuget\NuGet.Config = .nuget\NuGet.Config
		.nuget\NuGet.exe = .nuget\NuGet.exe
		.nuget\NuGet.targets = .nuget\NuGet.targets
	EndProjectSection
EndProject
Project("{2150E333-8FDC-42A3-9474-1A3956D46DE8}") = "Properties", "Properties", "{7D7FA91A-1ADF-4289-91A2-855ABFE0875A}"
	ProjectSection(SolutionItems) = preProject
		CommonInfo.cs = CommonInfo.cs
	EndProjectSection
EndProject
Project("{FAE04EC0-301F-11D3-BF4B-00C04F79EFBC}") = "Bricks.DAL", "Bricks.DAL\Bricks.DAL.csproj", "{8FCE3989-41F9-4FC8-8994-888E136123D2}"
EndProject
Project("{2150E333-8FDC-42A3-9474-1A3956D46DE8}") = "Fakes", "Fakes", "{12FA0881-F54A-474C-AC9E-AFEFAB166823}"
EndProject
Project("{FAE04EC0-301F-11D3-BF4B-00C04F79EFBC}") = "Bricks.DAL.Fakes", "Bricks.DAL.Fakes\Bricks.DAL.Fakes.csproj", "{FA2A083A-F113-4C69-8B0D-7BCF08E48868}"
EndProject
Project("{FAE04EC0-301F-11D3-BF4B-00C04F79EFBC}") = "Bricks.DAL.EF", "Bricks.DAL.EF\Bricks.DAL.EF.csproj", "{FEB70780-4E90-47BC-851E-B7BB1D1F7EAC}"
EndProject
Project("{FAE04EC0-301F-11D3-BF4B-00C04F79EFBC}") = "Bricks.WebAPI", "Bricks.WebAPI\Bricks.WebAPI.csproj", "{41D4EE31-4F9A-4DAA-B4DF-86C587E36045}"
EndProject
Project("{FAE04EC0-301F-11D3-BF4B-00C04F79EFBC}") = "Bricks.OWIN", "Bricks.OWIN\Bricks.OWIN.csproj", "{A3C72C1E-F41F-4750-80D1-4D7E34D1AD96}"
EndProject
Project("{FAE04EC0-301F-11D3-BF4B-00C04F79EFBC}") = "Bricks.Web", "Bricks.Web\Bricks.Web.csproj", "{3D01F1C7-EEB2-45CD-97A3-94FCA46F460D}"
EndProject
Project("{FAE04EC0-301F-11D3-BF4B-00C04F79EFBC}") = "Bricks.Helpers", "Bricks.Helpers\Bricks.Helpers.csproj", "{3F8A3074-0918-4D0E-8FDF-1F7BBA57BACF}"
EndProject
Project("{FAE04EC0-301F-11D3-BF4B-00C04F79EFBC}") = "Bricks.SMS", "Bricks.SMS\Bricks.SMS.csproj", "{5E9FDE84-A6B0-4B10-A387-93FA9086A8FD}"
EndProject
Project("{FAE04EC0-301F-11D3-BF4B-00C04F79EFBC}") = "Bricks.SMS.Nexmo", "Bricks.SMS.Nexmo\Bricks.SMS.Nexmo.csproj", "{8D79BA85-F80F-4894-A0F5-1C9A131B685C}"
EndProject
Project("{FAE04EC0-301F-11D3-BF4B-00C04F79EFBC}") = "Bricks.Auth", "Bricks.Auth\Bricks.Auth.csproj", "{82862838-2E8E-49A5-B392-F3E51A228341}"
EndProject
Project("{FAE04EC0-301F-11D3-BF4B-00C04F79EFBC}") = "Bricks.Clients", "Bricks.Clients\Bricks.Clients.csproj", "{6E581D2E-759E-4B18-960D-3BCC5B51064A}"
EndProject
Project("{FAE04EC0-301F-11D3-BF4B-00C04F79EFBC}") = "Bricks.Clients.SignalR", "Bricks.Clients.SignalR\Bricks.Clients.SignalR.csproj", "{52E9C98A-2054-49AA-9845-556A439E500D}"
EndProject
Project("{FAE04EC0-301F-11D3-BF4B-00C04F79EFBC}") = "Bricks.Auth.Tests", "Bricks.Auth.Tests\Bricks.Auth.Tests.csproj", "{D3BDC0CB-0AE9-404A-9DDD-4E21B797439C}"
EndProject
Global
	GlobalSection(SolutionConfigurationPlatforms) = preSolution
		Debug|Any CPU = Debug|Any CPU
		Release|Any CPU = Release|Any CPU
	EndGlobalSection
	GlobalSection(ProjectConfigurationPlatforms) = postSolution
		{1919938A-32A3-47D6-A8BA-DFE576BD38C1}.Debug|Any CPU.ActiveCfg = Debug|Any CPU
		{1919938A-32A3-47D6-A8BA-DFE576BD38C1}.Debug|Any CPU.Build.0 = Debug|Any CPU
		{1919938A-32A3-47D6-A8BA-DFE576BD38C1}.Release|Any CPU.ActiveCfg = Release|Any CPU
		{1919938A-32A3-47D6-A8BA-DFE576BD38C1}.Release|Any CPU.Build.0 = Release|Any CPU
		{9E8E9905-1BEA-41DB-939F-BD70CF23E332}.Debug|Any CPU.ActiveCfg = Debug|Any CPU
		{9E8E9905-1BEA-41DB-939F-BD70CF23E332}.Debug|Any CPU.Build.0 = Debug|Any CPU
		{9E8E9905-1BEA-41DB-939F-BD70CF23E332}.Release|Any CPU.ActiveCfg = Release|Any CPU
		{9E8E9905-1BEA-41DB-939F-BD70CF23E332}.Release|Any CPU.Build.0 = Release|Any CPU
		{65D416F2-8F60-44FD-8E7D-F72FCD02AF01}.Debug|Any CPU.ActiveCfg = Debug|Any CPU
		{65D416F2-8F60-44FD-8E7D-F72FCD02AF01}.Debug|Any CPU.Build.0 = Debug|Any CPU
		{65D416F2-8F60-44FD-8E7D-F72FCD02AF01}.Release|Any CPU.ActiveCfg = Release|Any CPU
		{65D416F2-8F60-44FD-8E7D-F72FCD02AF01}.Release|Any CPU.Build.0 = Release|Any CPU
		{BC883378-2A76-48A2-B8A3-EFF6F2773C58}.Debug|Any CPU.ActiveCfg = Debug|Any CPU
		{BC883378-2A76-48A2-B8A3-EFF6F2773C58}.Debug|Any CPU.Build.0 = Debug|Any CPU
		{BC883378-2A76-48A2-B8A3-EFF6F2773C58}.Release|Any CPU.ActiveCfg = Release|Any CPU
		{BC883378-2A76-48A2-B8A3-EFF6F2773C58}.Release|Any CPU.Build.0 = Release|Any CPU
		{1C660445-4422-4411-8A3B-FD5FAF377801}.Debug|Any CPU.ActiveCfg = Debug|Any CPU
		{1C660445-4422-4411-8A3B-FD5FAF377801}.Debug|Any CPU.Build.0 = Debug|Any CPU
		{1C660445-4422-4411-8A3B-FD5FAF377801}.Release|Any CPU.ActiveCfg = Release|Any CPU
		{1C660445-4422-4411-8A3B-FD5FAF377801}.Release|Any CPU.Build.0 = Release|Any CPU
		{8FCE3989-41F9-4FC8-8994-888E136123D2}.Debug|Any CPU.ActiveCfg = Debug|Any CPU
		{8FCE3989-41F9-4FC8-8994-888E136123D2}.Debug|Any CPU.Build.0 = Debug|Any CPU
		{8FCE3989-41F9-4FC8-8994-888E136123D2}.Release|Any CPU.ActiveCfg = Release|Any CPU
		{8FCE3989-41F9-4FC8-8994-888E136123D2}.Release|Any CPU.Build.0 = Release|Any CPU
		{FA2A083A-F113-4C69-8B0D-7BCF08E48868}.Debug|Any CPU.ActiveCfg = Debug|Any CPU
		{FA2A083A-F113-4C69-8B0D-7BCF08E48868}.Debug|Any CPU.Build.0 = Debug|Any CPU
		{FA2A083A-F113-4C69-8B0D-7BCF08E48868}.Release|Any CPU.ActiveCfg = Release|Any CPU
		{FA2A083A-F113-4C69-8B0D-7BCF08E48868}.Release|Any CPU.Build.0 = Release|Any CPU
		{FEB70780-4E90-47BC-851E-B7BB1D1F7EAC}.Debug|Any CPU.ActiveCfg = Debug|Any CPU
		{FEB70780-4E90-47BC-851E-B7BB1D1F7EAC}.Debug|Any CPU.Build.0 = Debug|Any CPU
		{FEB70780-4E90-47BC-851E-B7BB1D1F7EAC}.Release|Any CPU.ActiveCfg = Release|Any CPU
		{FEB70780-4E90-47BC-851E-B7BB1D1F7EAC}.Release|Any CPU.Build.0 = Release|Any CPU
		{41D4EE31-4F9A-4DAA-B4DF-86C587E36045}.Debug|Any CPU.ActiveCfg = Debug|Any CPU
		{41D4EE31-4F9A-4DAA-B4DF-86C587E36045}.Debug|Any CPU.Build.0 = Debug|Any CPU
		{41D4EE31-4F9A-4DAA-B4DF-86C587E36045}.Release|Any CPU.ActiveCfg = Release|Any CPU
		{41D4EE31-4F9A-4DAA-B4DF-86C587E36045}.Release|Any CPU.Build.0 = Release|Any CPU
		{A3C72C1E-F41F-4750-80D1-4D7E34D1AD96}.Debug|Any CPU.ActiveCfg = Debug|Any CPU
		{A3C72C1E-F41F-4750-80D1-4D7E34D1AD96}.Debug|Any CPU.Build.0 = Debug|Any CPU
		{A3C72C1E-F41F-4750-80D1-4D7E34D1AD96}.Release|Any CPU.ActiveCfg = Release|Any CPU
		{A3C72C1E-F41F-4750-80D1-4D7E34D1AD96}.Release|Any CPU.Build.0 = Release|Any CPU
		{3D01F1C7-EEB2-45CD-97A3-94FCA46F460D}.Debug|Any CPU.ActiveCfg = Debug|Any CPU
		{3D01F1C7-EEB2-45CD-97A3-94FCA46F460D}.Debug|Any CPU.Build.0 = Debug|Any CPU
		{3D01F1C7-EEB2-45CD-97A3-94FCA46F460D}.Release|Any CPU.ActiveCfg = Release|Any CPU
		{3D01F1C7-EEB2-45CD-97A3-94FCA46F460D}.Release|Any CPU.Build.0 = Release|Any CPU
		{3F8A3074-0918-4D0E-8FDF-1F7BBA57BACF}.Debug|Any CPU.ActiveCfg = Debug|Any CPU
		{3F8A3074-0918-4D0E-8FDF-1F7BBA57BACF}.Debug|Any CPU.Build.0 = Debug|Any CPU
		{3F8A3074-0918-4D0E-8FDF-1F7BBA57BACF}.Release|Any CPU.ActiveCfg = Release|Any CPU
		{3F8A3074-0918-4D0E-8FDF-1F7BBA57BACF}.Release|Any CPU.Build.0 = Release|Any CPU
		{5E9FDE84-A6B0-4B10-A387-93FA9086A8FD}.Debug|Any CPU.ActiveCfg = Debug|Any CPU
		{5E9FDE84-A6B0-4B10-A387-93FA9086A8FD}.Debug|Any CPU.Build.0 = Debug|Any CPU
		{5E9FDE84-A6B0-4B10-A387-93FA9086A8FD}.Release|Any CPU.ActiveCfg = Release|Any CPU
		{5E9FDE84-A6B0-4B10-A387-93FA9086A8FD}.Release|Any CPU.Build.0 = Release|Any CPU
		{8D79BA85-F80F-4894-A0F5-1C9A131B685C}.Debug|Any CPU.ActiveCfg = Debug|Any CPU
		{8D79BA85-F80F-4894-A0F5-1C9A131B685C}.Debug|Any CPU.Build.0 = Debug|Any CPU
		{8D79BA85-F80F-4894-A0F5-1C9A131B685C}.Release|Any CPU.ActiveCfg = Release|Any CPU
		{8D79BA85-F80F-4894-A0F5-1C9A131B685C}.Release|Any CPU.Build.0 = Release|Any CPU
		{82862838-2E8E-49A5-B392-F3E51A228341}.Debug|Any CPU.ActiveCfg = Debug|Any CPU
		{82862838-2E8E-49A5-B392-F3E51A228341}.Debug|Any CPU.Build.0 = Debug|Any CPU
		{82862838-2E8E-49A5-B392-F3E51A228341}.Release|Any CPU.ActiveCfg = Release|Any CPU
		{82862838-2E8E-49A5-B392-F3E51A228341}.Release|Any CPU.Build.0 = Release|Any CPU
		{6E581D2E-759E-4B18-960D-3BCC5B51064A}.Debug|Any CPU.ActiveCfg = Debug|Any CPU
		{6E581D2E-759E-4B18-960D-3BCC5B51064A}.Debug|Any CPU.Build.0 = Debug|Any CPU
		{6E581D2E-759E-4B18-960D-3BCC5B51064A}.Release|Any CPU.ActiveCfg = Release|Any CPU
		{6E581D2E-759E-4B18-960D-3BCC5B51064A}.Release|Any CPU.Build.0 = Release|Any CPU
		{52E9C98A-2054-49AA-9845-556A439E500D}.Debug|Any CPU.ActiveCfg = Debug|Any CPU
		{52E9C98A-2054-49AA-9845-556A439E500D}.Debug|Any CPU.Build.0 = Debug|Any CPU
		{52E9C98A-2054-49AA-9845-556A439E500D}.Release|Any CPU.ActiveCfg = Release|Any CPU
		{52E9C98A-2054-49AA-9845-556A439E500D}.Release|Any CPU.Build.0 = Release|Any CPU
		{D3BDC0CB-0AE9-404A-9DDD-4E21B797439C}.Debug|Any CPU.ActiveCfg = Debug|Any CPU
		{D3BDC0CB-0AE9-404A-9DDD-4E21B797439C}.Debug|Any CPU.Build.0 = Debug|Any CPU
		{D3BDC0CB-0AE9-404A-9DDD-4E21B797439C}.Release|Any CPU.ActiveCfg = Release|Any CPU
		{D3BDC0CB-0AE9-404A-9DDD-4E21B797439C}.Release|Any CPU.Build.0 = Release|Any CPU
	EndGlobalSection
	GlobalSection(SolutionProperties) = preSolution
		HideSolutionNode = FALSE
	EndGlobalSection
	GlobalSection(NestedProjects) = preSolution
		{65D416F2-8F60-44FD-8E7D-F72FCD02AF01} = {27BE237D-7E9B-43F3-BBB6-E6EE8C134CE5}
		{BC883378-2A76-48A2-B8A3-EFF6F2773C58} = {27BE237D-7E9B-43F3-BBB6-E6EE8C134CE5}
		{1C660445-4422-4411-8A3B-FD5FAF377801} = {27BE237D-7E9B-43F3-BBB6-E6EE8C134CE5}
		{FA2A083A-F113-4C69-8B0D-7BCF08E48868} = {12FA0881-F54A-474C-AC9E-AFEFAB166823}
		{D3BDC0CB-0AE9-404A-9DDD-4E21B797439C} = {27BE237D-7E9B-43F3-BBB6-E6EE8C134CE5}
	EndGlobalSection
	GlobalSection(ExtensibilityGlobals) = postSolution
		EnterpriseLibraryConfigurationToolBinariesPath = packages\Unity.2.1.505.0\lib\NET35;packages\Unity.Interception.2.1.505.0\lib\NET35;packages\EnterpriseLibrary.Common.5.0.505.0\lib\NET35;packages\EnterpriseLibrary.Caching.5.0.505.0\lib\NET35
	EndGlobalSection
EndGlobal
