
Microsoft Visual Studio Solution File, Format Version 12.00
# Visual Studio 2013
VisualStudioVersion = 12.0.30723.0
MinimumVisualStudioVersion = 10.0.40219.1
Project("{FAE04EC0-301F-11D3-BF4B-00C04F79EFBC}") = "Bricks.Core", "Bricks.Core\Bricks.Core.csproj", "{1919938A-32A3-47D6-A8BA-DFE576BD38C1}"
EndProject
Project("{FAE04EC0-301F-11D3-BF4B-00C04F79EFBC}") = "Bricks.Sync", "Bricks.Sync\Bricks.Sync.csproj", "{9E8E9905-1BEA-41DB-939F-BD70CF23E332}"
EndProject
Project("{FAE04EC0-301F-11D3-BF4B-00C04F79EFBC}") = "Bricks.Sync.UnitTests", "Bricks.Sync.UnitTests\Bricks.Sync.UnitTests.csproj", "{65D416F2-8F60-44FD-8E7D-F72FCD02AF01}"
EndProject
Project("{2150E333-8FDC-42A3-9474-1A3956D46DE8}") = "Tests", "Tests", "{27BE237D-7E9B-43F3-BBB6-E6EE8C134CE5}"
EndProject
Project("{FAE04EC0-301F-11D3-BF4B-00C04F79EFBC}") = "Bricks.Sync.Tests", "Bricks.Sync.Tests\Bricks.Sync.Tests.csproj", "{BC883378-2A76-48A2-B8A3-EFF6F2773C58}"
EndProject
Project("{FAE04EC0-301F-11D3-BF4B-00C04F79EFBC}") = "Bricks.Sync.IntegrationTests", "Bricks.Sync.IntegrationTests\Bricks.Sync.IntegrationTests.csproj", "{1C660445-4422-4411-8A3B-FD5FAF377801}"
EndProject
Project("{2150E333-8FDC-42A3-9474-1A3956D46DE8}") = ".nuget", ".nuget", "{F04266F5-94CA-407D-A134-C185426D4DE2}"
	ProjectSection(SolutionItems) = preProject
		.nuget\NuGet.Config = .nuget\NuGet.Config
		.nuget\NuGet.exe = .nuget\NuGet.exe
		.nuget\NuGet.targets = .nuget\NuGet.targets
	EndProjectSection
EndProject
Project("{2150E333-8FDC-42A3-9474-1A3956D46DE8}") = "Properties", "Properties", "{7D7FA91A-1ADF-4289-91A2-855ABFE0875A}"
	ProjectSection(SolutionItems) = preProject
		CommonInfo.cs = CommonInfo.cs
	EndProjectSection
EndProject
Project("{FAE04EC0-301F-11D3-BF4B-00C04F79EFBC}") = "Bricks.DAL", "Bricks.DAL\Bricks.DAL.csproj", "{8FCE3989-41F9-4FC8-8994-888E136123D2}"
EndProject
Project("{2150E333-8FDC-42A3-9474-1A3956D46DE8}") = "Fakes", "Fakes", "{12FA0881-F54A-474C-AC9E-AFEFAB166823}"
EndProject
Project("{FAE04EC0-301F-11D3-BF4B-00C04F79EFBC}") = "Bricks.DAL.Fakes", "Bricks.DAL.Fakes\Bricks.DAL.Fakes.csproj", "{FA2A083A-F113-4C69-8B0D-7BCF08E48868}"
EndProject
Project("{FAE04EC0-301F-11D3-BF4B-00C04F79EFBC}") = "Bricks.DAL.EF", "Bricks.DAL.EF\Bricks.DAL.EF.csproj", "{FEB70780-4E90-47BC-851E-B7BB1D1F7EAC}"
EndProject
Global
	GlobalSection(SolutionConfigurationPlatforms) = preSolution
		Debug|Any CPU = Debug|Any CPU
		Release|Any CPU = Release|Any CPU
	EndGlobalSection
	GlobalSection(ProjectConfigurationPlatforms) = postSolution
		{1919938A-32A3-47D6-A8BA-DFE576BD38C1}.Debug|Any CPU.ActiveCfg = Debug|Any CPU
		{1919938A-32A3-47D6-A8BA-DFE576BD38C1}.Debug|Any CPU.Build.0 = Debug|Any CPU
		{1919938A-32A3-47D6-A8BA-DFE576BD38C1}.Release|Any CPU.ActiveCfg = Release|Any CPU
		{1919938A-32A3-47D6-A8BA-DFE576BD38C1}.Release|Any CPU.Build.0 = Release|Any CPU
		{9E8E9905-1BEA-41DB-939F-BD70CF23E332}.Debug|Any CPU.ActiveCfg = Debug|Any CPU
		{9E8E9905-1BEA-41DB-939F-BD70CF23E332}.Debug|Any CPU.Build.0 = Debug|Any CPU
		{9E8E9905-1BEA-41DB-939F-BD70CF23E332}.Release|Any CPU.ActiveCfg = Release|Any CPU
		{9E8E9905-1BEA-41DB-939F-BD70CF23E332}.Release|Any CPU.Build.0 = Release|Any CPU
		{65D416F2-8F60-44FD-8E7D-F72FCD02AF01}.Debug|Any CPU.ActiveCfg = Debug|Any CPU
		{65D416F2-8F60-44FD-8E7D-F72FCD02AF01}.Debug|Any CPU.Build.0 = Debug|Any CPU
		{65D416F2-8F60-44FD-8E7D-F72FCD02AF01}.Release|Any CPU.ActiveCfg = Release|Any CPU
		{65D416F2-8F60-44FD-8E7D-F72FCD02AF01}.Release|Any CPU.Build.0 = Release|Any CPU
		{BC883378-2A76-48A2-B8A3-EFF6F2773C58}.Debug|Any CPU.ActiveCfg = Debug|Any CPU
		{BC883378-2A76-48A2-B8A3-EFF6F2773C58}.Debug|Any CPU.Build.0 = Debug|Any CPU
		{BC883378-2A76-48A2-B8A3-EFF6F2773C58}.Release|Any CPU.ActiveCfg = Release|Any CPU
		{BC883378-2A76-48A2-B8A3-EFF6F2773C58}.Release|Any CPU.Build.0 = Release|Any CPU
		{1C660445-4422-4411-8A3B-FD5FAF377801}.Debug|Any CPU.ActiveCfg = Debug|Any CPU
		{1C660445-4422-4411-8A3B-FD5FAF377801}.Debug|Any CPU.Build.0 = Debug|Any CPU
		{1C660445-4422-4411-8A3B-FD5FAF377801}.Release|Any CPU.ActiveCfg = Release|Any CPU
		{1C660445-4422-4411-8A3B-FD5FAF377801}.Release|Any CPU.Build.0 = Release|Any CPU
		{8FCE3989-41F9-4FC8-8994-888E136123D2}.Debug|Any CPU.ActiveCfg = Debug|Any CPU
		{8FCE3989-41F9-4FC8-8994-888E136123D2}.Debug|Any CPU.Build.0 = Debug|Any CPU
		{8FCE3989-41F9-4FC8-8994-888E136123D2}.Release|Any CPU.ActiveCfg = Release|Any CPU
		{8FCE3989-41F9-4FC8-8994-888E136123D2}.Release|Any CPU.Build.0 = Release|Any CPU
		{FA2A083A-F113-4C69-8B0D-7BCF08E48868}.Debug|Any CPU.ActiveCfg = Debug|Any CPU
		{FA2A083A-F113-4C69-8B0D-7BCF08E48868}.Debug|Any CPU.Build.0 = Debug|Any CPU
		{FA2A083A-F113-4C69-8B0D-7BCF08E48868}.Release|Any CPU.ActiveCfg = Release|Any CPU
		{FA2A083A-F113-4C69-8B0D-7BCF08E48868}.Release|Any CPU.Build.0 = Release|Any CPU
		{FEB70780-4E90-47BC-851E-B7BB1D1F7EAC}.Debug|Any CPU.ActiveCfg = Debug|Any CPU
		{FEB70780-4E90-47BC-851E-B7BB1D1F7EAC}.Debug|Any CPU.Build.0 = Debug|Any CPU
		{FEB70780-4E90-47BC-851E-B7BB1D1F7EAC}.Release|Any CPU.ActiveCfg = Release|Any CPU
		{FEB70780-4E90-47BC-851E-B7BB1D1F7EAC}.Release|Any CPU.Build.0 = Release|Any CPU
	EndGlobalSection
	GlobalSection(SolutionProperties) = preSolution
		HideSolutionNode = FALSE
	EndGlobalSection
	GlobalSection(NestedProjects) = preSolution
		{65D416F2-8F60-44FD-8E7D-F72FCD02AF01} = {27BE237D-7E9B-43F3-BBB6-E6EE8C134CE5}
		{BC883378-2A76-48A2-B8A3-EFF6F2773C58} = {27BE237D-7E9B-43F3-BBB6-E6EE8C134CE5}
		{1C660445-4422-4411-8A3B-FD5FAF377801} = {27BE237D-7E9B-43F3-BBB6-E6EE8C134CE5}
		{FA2A083A-F113-4C69-8B0D-7BCF08E48868} = {12FA0881-F54A-474C-AC9E-AFEFAB166823}
	EndGlobalSection
EndGlobal
